
Microsoft Visual Studio Solution File, Format Version 12.00
# Visual Studio Version 17
VisualStudioVersion = 17.4.33213.308
MinimumVisualStudioVersion = 10.0.40219.1
Project("{9A19103F-16F7-4668-BE54-9A1E7A4F7556}") = "MainProgram", "DotNetBenchmark\MainProgram.csproj", "{FBA7F6B5-7951-4ABE-954D-D6514F14EBA3}"
EndProject
Project("{FAE04EC0-301F-11D3-BF4B-00C04F79EFBC}") = "Benchmark", "Benchmark\Benchmark.csproj", "{FAE8EB75-806A-41EF-BBF2-E11FC95BCF22}"
EndProject
Global
	GlobalSection(SolutionConfigurationPlatforms) = preSolution
		Debug|Any CPU = Debug|Any CPU
		Release|Any CPU = Release|Any CPU
	EndGlobalSection
	GlobalSection(ProjectConfigurationPlatforms) = postSolution
		{FBA7F6B5-7951-4ABE-954D-D6514F14EBA3}.Debug|Any CPU.ActiveCfg = Debug|Any CPU
		{FBA7F6B5-7951-4ABE-954D-D6514F14EBA3}.Debug|Any CPU.Build.0 = Debug|Any CPU
		{FBA7F6B5-7951-4ABE-954D-D6514F14EBA3}.Release|Any CPU.ActiveCfg = Release|Any CPU
		{FBA7F6B5-7951-4ABE-954D-D6514F14EBA3}.Release|Any CPU.Build.0 = Release|Any CPU
		{FAE8EB75-806A-41EF-BBF2-E11FC95BCF22}.Debug|Any CPU.ActiveCfg = Debug|Any CPU
		{FAE8EB75-806A-41EF-BBF2-E11FC95BCF22}.Debug|Any CPU.Build.0 = Debug|Any CPU
		{FAE8EB75-806A-41EF-BBF2-E11FC95BCF22}.Release|Any CPU.ActiveCfg = Release|Any CPU
		{FAE8EB75-806A-41EF-BBF2-E11FC95BCF22}.Release|Any CPU.Build.0 = Release|Any CPU
	EndGlobalSection
	GlobalSection(SolutionProperties) = preSolution
		HideSolutionNode = FALSE
	EndGlobalSection
	GlobalSection(ExtensibilityGlobals) = postSolution
		SolutionGuid = {589BC237-FA62-425A-BF48-027B740CE924}
	EndGlobalSection
EndGlobal
